
Microsoft Visual Studio Solution File, Format Version 12.00
# Visual Studio Version 17
VisualStudioVersion = 17.2.32616.157
MinimumVisualStudioVersion = 10.0.40219.1
Project("{FAE04EC0-301F-11D3-BF4B-00C04F79EFBC}") = "Entities", "Entities\Entities.csproj", "{DCD04BC0-73F6-49C7-A104-D786F25C0670}"
EndProject
Project("{FAE04EC0-301F-11D3-BF4B-00C04F79EFBC}") = "Business", "Business\Business.csproj", "{B311DB39-2730-4C3E-9289-D7F760AB243C}"
EndProject
Project("{FAE04EC0-301F-11D3-BF4B-00C04F79EFBC}") = "DataAccess", "DataAccess\DataAccess.csproj", "{084374CD-6A02-4202-91E2-A74ED061062D}"
EndProject
Project("{FAE04EC0-301F-11D3-BF4B-00C04F79EFBC}") = "ConsoleUI", "ConsoleUI\ConsoleUI.csproj", "{AC949D4A-D122-486A-80AD-4D659A0478D8}"
EndProject
Global
	GlobalSection(SolutionConfigurationPlatforms) = preSolution
		Debug|Any CPU = Debug|Any CPU
		Release|Any CPU = Release|Any CPU
	EndGlobalSection
	GlobalSection(ProjectConfigurationPlatforms) = postSolution
		{DCD04BC0-73F6-49C7-A104-D786F25C0670}.Debug|Any CPU.ActiveCfg = Debug|Any CPU
		{DCD04BC0-73F6-49C7-A104-D786F25C0670}.Debug|Any CPU.Build.0 = Debug|Any CPU
		{DCD04BC0-73F6-49C7-A104-D786F25C0670}.Release|Any CPU.ActiveCfg = Release|Any CPU
		{DCD04BC0-73F6-49C7-A104-D786F25C0670}.Release|Any CPU.Build.0 = Release|Any CPU
		{B311DB39-2730-4C3E-9289-D7F760AB243C}.Debug|Any CPU.ActiveCfg = Debug|Any CPU
		{B311DB39-2730-4C3E-9289-D7F760AB243C}.Debug|Any CPU.Build.0 = Debug|Any CPU
		{B311DB39-2730-4C3E-9289-D7F760AB243C}.Release|Any CPU.ActiveCfg = Release|Any CPU
		{B311DB39-2730-4C3E-9289-D7F760AB243C}.Release|Any CPU.Build.0 = Release|Any CPU
		{084374CD-6A02-4202-91E2-A74ED061062D}.Debug|Any CPU.ActiveCfg = Debug|Any CPU
		{084374CD-6A02-4202-91E2-A74ED061062D}.Debug|Any CPU.Build.0 = Debug|Any CPU
		{084374CD-6A02-4202-91E2-A74ED061062D}.Release|Any CPU.ActiveCfg = Release|Any CPU
		{084374CD-6A02-4202-91E2-A74ED061062D}.Release|Any CPU.Build.0 = Release|Any CPU
		{AC949D4A-D122-486A-80AD-4D659A0478D8}.Debug|Any CPU.ActiveCfg = Debug|Any CPU
		{AC949D4A-D122-486A-80AD-4D659A0478D8}.Debug|Any CPU.Build.0 = Debug|Any CPU
		{AC949D4A-D122-486A-80AD-4D659A0478D8}.Release|Any CPU.ActiveCfg = Release|Any CPU
		{AC949D4A-D122-486A-80AD-4D659A0478D8}.Release|Any CPU.Build.0 = Release|Any CPU
	EndGlobalSection
	GlobalSection(SolutionProperties) = preSolution
		HideSolutionNode = FALSE
	EndGlobalSection
	GlobalSection(ExtensibilityGlobals) = postSolution
		SolutionGuid = {3ACE5677-5615-4410-B63B-A4ECC0935E07}
	EndGlobalSection
EndGlobal
